
Microsoft Visual Studio Solution File, Format Version 12.00
# Visual Studio Version 17
VisualStudioVersion = 17.5.33516.290
MinimumVisualStudioVersion = 10.0.40219.1
Project("{888888A0-9F3D-457C-B088-3A5042F75D52}") = "GPTSentimentAnalysis", "GPTSentimentAnalysis\GPTSentimentAnalysis.pyproj", "{5B866FA1-1FB4-440E-9ED0-9C1B09DA0D9A}"
EndProject
Project("{888888A0-9F3D-457C-B088-3A5042F75D52}") = "AutomaticCodeExplainer", "..\..\AutomaticCodeExplainer\AutomaticCodeExplainer\AutomaticCodeExplainer.pyproj", "{83BCB5DC-7DFC-4150-A328-72E0498E9A77}"
EndProject
Global
	GlobalSection(SolutionConfigurationPlatforms) = preSolution
		Debug|Any CPU = Debug|Any CPU
		Release|Any CPU = Release|Any CPU
	EndGlobalSection
	GlobalSection(ProjectConfigurationPlatforms) = postSolution
		{5B866FA1-1FB4-440E-9ED0-9C1B09DA0D9A}.Debug|Any CPU.ActiveCfg = Debug|Any CPU
		{5B866FA1-1FB4-440E-9ED0-9C1B09DA0D9A}.Release|Any CPU.ActiveCfg = Release|Any CPU
		{83BCB5DC-7DFC-4150-A328-72E0498E9A77}.Debug|Any CPU.ActiveCfg = Debug|Any CPU
		{83BCB5DC-7DFC-4150-A328-72E0498E9A77}.Release|Any CPU.ActiveCfg = Release|Any CPU
	EndGlobalSection
	GlobalSection(SolutionProperties) = preSolution
		HideSolutionNode = FALSE
	EndGlobalSection
	GlobalSection(ExtensibilityGlobals) = postSolution
		SolutionGuid = {2D24614D-E4EE-4F1C-A818-CDC1979C3EA7}
	EndGlobalSection
EndGlobal
